{
  "nodes": {
    "flake-parts": {
      "inputs": {
        "nixpkgs-lib": "nixpkgs-lib"
      },
      "locked": {
        "lastModified": 1781814350,
        "narHash": "sha256-hCPYM3STFXQXw55XdcvQ/CITnLqXW9wuY2qG8WgxWlI=",
        "owner": "removed-user",
        "repo": "flake-parts",
        "rev": "5eb2ffdcf1467f16da0a6d3ddfd77385b87ed10b",
        "type": "github"
      },
      "original": {
        "owner": "removed-user",
        "ref": "Add-a-Check-in-mkTransposedPersystemModule",
        "repo": "flake-parts",
        "type": "github"
      }
    },
    "nixpkgs-lib": {
      "locked": {
        "lastModified": 1777168982,
        "narHash": "sha256-GOkGPcboWE9BmGCRMLX3worL4EMnsnG8MyKmXNeYuhQ=",
        "owner": "nix-community",
        "repo": "nixpkgs.lib",
        "rev": "f5901329dade4a6ea039af1433fb087bd9c1fe14",
        "type": "github"
      },
      "original": {
        "owner": "nix-community",
        "repo": "nixpkgs.lib",
        "type": "github"
      }
    },
    "nixpkgs-lib_2": {
      "locked": {
        "lastModified": 1781405675,
        "narHash": "sha256-0iaTCZDEORJeWamOjfDZaoZZx686f7QO5oL3ynmj+ew=",
        "owner": "nix-community",
        "repo": "nixpkgs.lib",
        "rev": "de42d44212d207476489bce163375d8306a26d59",
        "type": "github"
      },
      "original": {
        "owner": "nix-community",
        "repo": "nixpkgs.lib",
        "type": "github"
      }
    },
    "root": {
      "inputs": {
        "flake-parts": "flake-parts",
        "nixpkgs-lib": "nixpkgs-lib_2"
      }
    }
  },
  "root": "root",
  "version": 7
}
